// !$*UTF8*$!
{
	archiveVersion = 1;
	classes = {
	};
	objectVersion = 50;
	objects = {

/* Begin PBXBuildFile section */
		2714E19625B1DF8B0038EF9B /* Controller.sks in Resources */ = {isa = PBXBuildFile; fileRef = 2714E19525B1DF8B0038EF9B /* Controller.sks */; };
		2714E19925B1E08E0038EF9B /* AttackButton.sks in Resources */ = {isa = PBXBuildFile; fileRef = 2714E19825B1E08E0038EF9B /* AttackButton.sks */; };
		2714E19C25B1E5BA0038EF9B /* SKScene+viewProperties.swift in Sources */ = {isa = PBXBuildFile; fileRef = 2714E19B25B1E5BA0038EF9B /* SKScene+viewProperties.swift */; };
		2714E19F25B1F1A00038EF9B /* GameScene+ViewUpdates.swift in Sources */ = {isa = PBXBuildFile; fileRef = 2714E19E25B1F1A00038EF9B /* GameScene+ViewUpdates.swift */; };
		2714E1A325B1F5350038EF9B /* MainTileSet.sks in Resources */ = {isa = PBXBuildFile; fileRef = 2714E1A225B1F5350038EF9B /* MainTileSet.sks */; };
		2714E1A625B2091F0038EF9B /* SKTileMapNode+Physics.swift in Sources */ = {isa = PBXBuildFile; fileRef = 2714E1A525B2091F0038EF9B /* SKTileMapNode+Physics.swift */; };
		2714E1AF25B233F20038EF9B /* music.mp3 in Resources */ = {isa = PBXBuildFile; fileRef = 2714E1AE25B233F20038EF9B /* music.mp3 */; };
		2714E1BD25B2354E0038EF9B /* monster_hit.mp3 in Resources */ = {isa = PBXBuildFile; fileRef = 2714E1B125B2354E0038EF9B /* monster_hit.mp3 */; };
		2714E1BE25B2354E0038EF9B /* player_hit.mp3 in Resources */ = {isa = PBXBuildFile; fileRef = 2714E1B225B2354E0038EF9B /* player_hit.mp3 */; };
		2714E1BF25B2354E0038EF9B /* SoundLibrary.swift in Sources */ = {isa = PBXBuildFile; fileRef = 2714E1B325B2354E0038EF9B /* SoundLibrary.swift */; };
		2714E1C025B2354E0038EF9B /* throw.mp3 in Resources */ = {isa = PBXBuildFile; fileRef = 2714E1B425B2354E0038EF9B /* throw.mp3 */; };
		2714E1C125B2354E0038EF9B /* door_open.mp3 in Resources */ = {isa = PBXBuildFile; fileRef = 2714E1B525B2354E0038EF9B /* door_open.mp3 */; };
		2714E1C225B2354E0038EF9B /* destroyed.mp3 in Resources */ = {isa = PBXBuildFile; fileRef = 2714E1B625B2354E0038EF9B /* destroyed.mp3 */; };
		2714E1C325B2354E0038EF9B /* key.mp3 in Resources */ = {isa = PBXBuildFile; fileRef = 2714E1B725B2354E0038EF9B /* key.mp3 */; };
		2714E1C425B2354E0038EF9B /* food.mp3 in Resources */ = {isa = PBXBuildFile; fileRef = 2714E1B825B2354E0038EF9B /* food.mp3 */; };
		2714E1C525B2354E0038EF9B /* player_die.mp3 in Resources */ = {isa = PBXBuildFile; fileRef = 2714E1B925B2354E0038EF9B /* player_die.mp3 */; };
		2714E1C625B2354E0038EF9B /* treasure.mp3 in Resources */ = {isa = PBXBuildFile; fileRef = 2714E1BA25B2354E0038EF9B /* treasure.mp3 */; };
		2714E1C725B2354E0038EF9B /* exit.mp3 in Resources */ = {isa = PBXBuildFile; fileRef = 2714E1BB25B2354E0038EF9B /* exit.mp3 */; };
		2714E1C825B2354E0038EF9B /* monster_die.mp3 in Resources */ = {isa = PBXBuildFile; fileRef = 2714E1BC25B2354E0038EF9B /* monster_die.mp3 */; };
		2714E1CB25B2357D0038EF9B /* HealthMeter.sks in Resources */ = {isa = PBXBuildFile; fileRef = 2714E1CA25B2357D0038EF9B /* HealthMeter.sks */; };
		27A803E925B49B1D0057BB27 /* HealthComponent.swift in Sources */ = {isa = PBXBuildFile; fileRef = 27A803E825B49B1D0057BB27 /* HealthComponent.swift */; };
		27AEEDE425B4CBCB007C809F /* PlayerStates.swift in Sources */ = {isa = PBXBuildFile; fileRef = 27AEEDE325B4CBCB007C809F /* PlayerStates.swift */; };
		27D24BE425B0DED5008E6E44 /* AppDelegate.swift in Sources */ = {isa = PBXBuildFile; fileRef = 27D24BE325B0DED5008E6E44 /* AppDelegate.swift */; };
		27D24BE625B0DED6008E6E44 /* GameScene.sks in Resources */ = {isa = PBXBuildFile; fileRef = 27D24BE525B0DED6008E6E44 /* GameScene.sks */; };
		27D24BEA25B0DED6008E6E44 /* GameScene.swift in Sources */ = {isa = PBXBuildFile; fileRef = 27D24BE925B0DED6008E6E44 /* GameScene.swift */; };
		27D24BEC25B0DED6008E6E44 /* GameViewController.swift in Sources */ = {isa = PBXBuildFile; fileRef = 27D24BEB25B0DED6008E6E44 /* GameViewController.swift */; };
		27D24BEF25B0DED6008E6E44 /* Main.storyboard in Resources */ = {isa = PBXBuildFile; fileRef = 27D24BED25B0DED6008E6E44 /* Main.storyboard */; };
		27D24BF125B0DED6008E6E44 /* Assets.xcassets in Resources */ = {isa = PBXBuildFile; fileRef = 27D24BF025B0DED6008E6E44 /* Assets.xcassets */; };
		27FBD1AC25B4B090004E5551 /* MonsterEntity.swift in Sources */ = {isa = PBXBuildFile; fileRef = 27FBD1AB25B4B090004E5551 /* MonsterEntity.swift */; };
		27FBD1AF25B4B113004E5551 /* RenderComponent.swift in Sources */ = {isa = PBXBuildFile; fileRef = 27FBD1AE25B4B113004E5551 /* RenderComponent.swift */; };
		27FBD1B225B4B2AE004E5551 /* GeneratorComponent.swift in Sources */ = {isa = PBXBuildFile; fileRef = 27FBD1B125B4B2AE004E5551 /* GeneratorComponent.swift */; };
		27FBD1B525B4B320004E5551 /* GKComponent+Node.swift in Sources */ = {isa = PBXBuildFile; fileRef = 27FBD1B425B4B320004E5551 /* GKComponent+Node.swift */; };
		27FBD1B825B4B759004E5551 /* SKTexture_LoadTextures.swift in Sources */ = {isa = PBXBuildFile; fileRef = 27FBD1B725B4B759004E5551 /* SKTexture_LoadTextures.swift */; };
		27FBD1BB25B4B840004E5551 /* AnimationComponent.swift in Sources */ = {isa = PBXBuildFile; fileRef = 27FBD1BA25B4B840004E5551 /* AnimationComponent.swift */; };
		27FBD1BE25B4B9AC004E5551 /* GameObjects.swift in Sources */ = {isa = PBXBuildFile; fileRef = 27FBD1BD25B4B9AC004E5551 /* GameObjects.swift */; };
		27FE0F5625B0F5600071F483 /* Player.swift in Sources */ = {isa = PBXBuildFile; fileRef = 27FE0F5525B0F5600071F483 /* Player.swift */; };
/* End PBXBuildFile section */

/* Begin PBXFileReference section */
		2714E19525B1DF8B0038EF9B /* Controller.sks */ = {isa = PBXFileReference; lastKnownFileType = file.sks; path = Controller.sks; sourceTree = "<group>"; };
		2714E19825B1E08E0038EF9B /* AttackButton.sks */ = {isa = PBXFileReference; lastKnownFileType = file.sks; path = AttackButton.sks; sourceTree = "<group>"; };
		2714E19B25B1E5BA0038EF9B /* SKScene+viewProperties.swift */ = {isa = PBXFileReference; lastKnownFileType = sourcecode.swift; path = "SKScene+viewProperties.swift"; sourceTree = "<group>"; };
		2714E19E25B1F1A00038EF9B /* GameScene+ViewUpdates.swift */ = {isa = PBXFileReference; lastKnownFileType = sourcecode.swift; path = "GameScene+ViewUpdates.swift"; sourceTree = "<group>"; };
		2714E1A225B1F5350038EF9B /* MainTileSet.sks */ = {isa = PBXFileReference; lastKnownFileType = file.sks; path = MainTileSet.sks; sourceTree = "<group>"; };
		2714E1A525B2091F0038EF9B /* SKTileMapNode+Physics.swift */ = {isa = PBXFileReference; lastKnownFileType = sourcecode.swift; path = "SKTileMapNode+Physics.swift"; sourceTree = "<group>"; };
		2714E1AE25B233F20038EF9B /* music.mp3 */ = {isa = PBXFileReference; lastKnownFileType = audio.mp3; path = music.mp3; sourceTree = "<group>"; };
		2714E1B125B2354E0038EF9B /* monster_hit.mp3 */ = {isa = PBXFileReference; lastKnownFileType = audio.mp3; path = monster_hit.mp3; sourceTree = "<group>"; };
		2714E1B225B2354E0038EF9B /* player_hit.mp3 */ = {isa = PBXFileReference; lastKnownFileType = audio.mp3; path = player_hit.mp3; sourceTree = "<group>"; };
		2714E1B325B2354E0038EF9B /* SoundLibrary.swift */ = {isa = PBXFileReference; fileEncoding = 4; lastKnownFileType = sourcecode.swift; path = SoundLibrary.swift; sourceTree = "<group>"; };
		2714E1B425B2354E0038EF9B /* throw.mp3 */ = {isa = PBXFileReference; lastKnownFileType = audio.mp3; path = throw.mp3; sourceTree = "<group>"; };
		2714E1B525B2354E0038EF9B /* door_open.mp3 */ = {isa = PBXFileReference; lastKnownFileType = audio.mp3; path = door_open.mp3; sourceTree = "<group>"; };
		2714E1B625B2354E0038EF9B /* destroyed.mp3 */ = {isa = PBXFileReference; lastKnownFileType = audio.mp3; path = destroyed.mp3; sourceTree = "<group>"; };
		2714E1B725B2354E0038EF9B /* key.mp3 */ = {isa = PBXFileReference; lastKnownFileType = audio.mp3; path = key.mp3; sourceTree = "<group>"; };
		2714E1B825B2354E0038EF9B /* food.mp3 */ = {isa = PBXFileReference; lastKnownFileType = audio.mp3; path = food.mp3; sourceTree = "<group>"; };
		2714E1B925B2354E0038EF9B /* player_die.mp3 */ = {isa = PBXFileReference; lastKnownFileType = audio.mp3; path = player_die.mp3; sourceTree = "<group>"; };
		2714E1BA25B2354E0038EF9B /* treasure.mp3 */ = {isa = PBXFileReference; lastKnownFileType = audio.mp3; path = treasure.mp3; sourceTree = "<group>"; };
		2714E1BB25B2354E0038EF9B /* exit.mp3 */ = {isa = PBXFileReference; lastKnownFileType = audio.mp3; path = exit.mp3; sourceTree = "<group>"; };
		2714E1BC25B2354E0038EF9B /* monster_die.mp3 */ = {isa = PBXFileReference; lastKnownFileType = audio.mp3; path = monster_die.mp3; sourceTree = "<group>"; };
		2714E1CA25B2357D0038EF9B /* HealthMeter.sks */ = {isa = PBXFileReference; lastKnownFileType = file.sks; path = HealthMeter.sks; sourceTree = "<group>"; };
		27A803E825B49B1D0057BB27 /* HealthComponent.swift */ = {isa = PBXFileReference; lastKnownFileType = sourcecode.swift; path = HealthComponent.swift; sourceTree = "<group>"; };
		27AEEDE325B4CBCB007C809F /* PlayerStates.swift */ = {isa = PBXFileReference; lastKnownFileType = sourcecode.swift; path = PlayerStates.swift; sourceTree = "<group>"; };
		27D24BE025B0DED5008E6E44 /* valsrevenge.app */ = {isa = PBXFileReference; explicitFileType = wrapper.application; includeInIndex = 0; path = valsrevenge.app; sourceTree = BUILT_PRODUCTS_DIR; };
		27D24BE325B0DED5008E6E44 /* AppDelegate.swift */ = {isa = PBXFileReference; lastKnownFileType = sourcecode.swift; path = AppDelegate.swift; sourceTree = "<group>"; };
		27D24BE525B0DED6008E6E44 /* GameScene.sks */ = {isa = PBXFileReference; lastKnownFileType = file.sks; path = GameScene.sks; sourceTree = "<group>"; };
		27D24BE925B0DED6008E6E44 /* GameScene.swift */ = {isa = PBXFileReference; lastKnownFileType = sourcecode.swift; path = GameScene.swift; sourceTree = "<group>"; };
		27D24BEB25B0DED6008E6E44 /* GameViewController.swift */ = {isa = PBXFileReference; lastKnownFileType = sourcecode.swift; path = GameViewController.swift; sourceTree = "<group>"; };
		27D24BEE25B0DED6008E6E44 /* Base */ = {isa = PBXFileReference; lastKnownFileType = file.storyboard; name = Base; path = Base.lproj/Main.storyboard; sourceTree = "<group>"; };
		27D24BF025B0DED6008E6E44 /* Assets.xcassets */ = {isa = PBXFileReference; lastKnownFileType = folder.assetcatalog; path = Assets.xcassets; sourceTree = "<group>"; };
		27D24BF225B0DED6008E6E44 /* Info.plist */ = {isa = PBXFileReference; lastKnownFileType = text.plist.xml; path = Info.plist; sourceTree = "<group>"; };
		27FBD1AB25B4B090004E5551 /* MonsterEntity.swift */ = {isa = PBXFileReference; lastKnownFileType = sourcecode.swift; path = MonsterEntity.swift; sourceTree = "<group>"; };
		27FBD1AE25B4B113004E5551 /* RenderComponent.swift */ = {isa = PBXFileReference; lastKnownFileType = sourcecode.swift; path = RenderComponent.swift; sourceTree = "<group>"; };
		27FBD1B125B4B2AE004E5551 /* GeneratorComponent.swift */ = {isa = PBXFileReference; lastKnownFileType = sourcecode.swift; path = GeneratorComponent.swift; sourceTree = "<group>"; };
		27FBD1B425B4B320004E5551 /* GKComponent+Node.swift */ = {isa = PBXFileReference; lastKnownFileType = sourcecode.swift; path = "GKComponent+Node.swift"; sourceTree = "<group>"; };
		27FBD1B725B4B759004E5551 /* SKTexture_LoadTextures.swift */ = {isa = PBXFileReference; lastKnownFileType = sourcecode.swift; path = SKTexture_LoadTextures.swift; sourceTree = "<group>"; };
		27FBD1BA25B4B840004E5551 /* AnimationComponent.swift */ = {isa = PBXFileReference; lastKnownFileType = sourcecode.swift; path = AnimationComponent.swift; sourceTree = "<group>"; };
		27FBD1BD25B4B9AC004E5551 /* GameObjects.swift */ = {isa = PBXFileReference; lastKnownFileType = sourcecode.swift; path = GameObjects.swift; sourceTree = "<group>"; };
		27FE0F5525B0F5600071F483 /* Player.swift */ = {isa = PBXFileReference; lastKnownFileType = sourcecode.swift; path = Player.swift; sourceTree = "<group>"; };
/* End PBXFileReference section */

/* Begin PBXFrameworksBuildPhase section */
		27D24BDD25B0DED5008E6E44 /* Frameworks */ = {
			isa = PBXFrameworksBuildPhase;
			buildActionMask = 2147483647;
			files = (
			);
			runOnlyForDeploymentPostprocessing = 0;
		};
/* End PBXFrameworksBuildPhase section */

/* Begin PBXGroup section */
		2714E1A825B231E30038EF9B /* Extensions */ = {
			isa = PBXGroup;
			children = (
				2714E19B25B1E5BA0038EF9B /* SKScene+viewProperties.swift */,
				2714E19E25B1F1A00038EF9B /* GameScene+ViewUpdates.swift */,
				2714E1A525B2091F0038EF9B /* SKTileMapNode+Physics.swift */,
				27FBD1B425B4B320004E5551 /* GKComponent+Node.swift */,
				27FBD1B725B4B759004E5551 /* SKTexture_LoadTextures.swift */,
			);
			path = Extensions;
			sourceTree = "<group>";
		};
		2714E1A925B232060038EF9B /* Reference Nodes */ = {
			isa = PBXGroup;
			children = (
				2714E19525B1DF8B0038EF9B /* Controller.sks */,
				2714E19825B1E08E0038EF9B /* AttackButton.sks */,
				2714E1CA25B2357D0038EF9B /* HealthMeter.sks */,
			);
			path = "Reference Nodes";
			sourceTree = "<group>";
		};
		2714E1AA25B232490038EF9B /* Scenes */ = {
			isa = PBXGroup;
			children = (
				27D24BE925B0DED6008E6E44 /* GameScene.swift */,
				27D24BE525B0DED6008E6E44 /* GameScene.sks */,
			);
			path = Scenes;
			sourceTree = "<group>";
		};
		2714E1AB25B232660038EF9B /* Tile Sets */ = {
			isa = PBXGroup;
			children = (
				2714E1A225B1F5350038EF9B /* MainTileSet.sks */,
			);
			path = "Tile Sets";
			sourceTree = "<group>";
		};
		2714E1AC25B232E60038EF9B /* Music */ = {
			isa = PBXGroup;
			children = (
				2714E1AE25B233F20038EF9B /* music.mp3 */,
			);
			path = Music;
			sourceTree = "<group>";
		};
		2714E1AD25B232F50038EF9B /* Sounds */ = {
			isa = PBXGroup;
			children = (
				2714E1B625B2354E0038EF9B /* destroyed.mp3 */,
				2714E1B525B2354E0038EF9B /* door_open.mp3 */,
				2714E1BB25B2354E0038EF9B /* exit.mp3 */,
				2714E1B825B2354E0038EF9B /* food.mp3 */,
				2714E1B725B2354E0038EF9B /* key.mp3 */,
				2714E1BC25B2354E0038EF9B /* monster_die.mp3 */,
				2714E1B125B2354E0038EF9B /* monster_hit.mp3 */,
				2714E1B925B2354E0038EF9B /* player_die.mp3 */,
				2714E1B225B2354E0038EF9B /* player_hit.mp3 */,
				2714E1B325B2354E0038EF9B /* SoundLibrary.swift */,
				2714E1B425B2354E0038EF9B /* throw.mp3 */,
				2714E1BA25B2354E0038EF9B /* treasure.mp3 */,
			);
			path = Sounds;
			sourceTree = "<group>";
		};
		279AC94B25B2470C00BBD70F /* Components */ = {
			isa = PBXGroup;
			children = (
				27A803E825B49B1D0057BB27 /* HealthComponent.swift */,
				27FBD1AE25B4B113004E5551 /* RenderComponent.swift */,
				27FBD1B125B4B2AE004E5551 /* GeneratorComponent.swift */,
				27FBD1BA25B4B840004E5551 /* AnimationComponent.swift */,
			);
			path = Components;
			sourceTree = "<group>";
		};
		27AEEDE225B4CAB3007C809F /* States */ = {
			isa = PBXGroup;
			children = (
				27AEEDE325B4CBCB007C809F /* PlayerStates.swift */,
			);
			path = States;
			sourceTree = "<group>";
		};
		27D24BD725B0DED5008E6E44 = {
			isa = PBXGroup;
			children = (
				27D24BE225B0DED5008E6E44 /* valsrevenge */,
				27D24BE125B0DED5008E6E44 /* Products */,
			);
			sourceTree = "<group>";
		};
		27D24BE125B0DED5008E6E44 /* Products */ = {
			isa = PBXGroup;
			children = (
				27D24BE025B0DED5008E6E44 /* valsrevenge.app */,
			);
			name = Products;
			sourceTree = "<group>";
		};
		27D24BE225B0DED5008E6E44 /* valsrevenge */ = {
			isa = PBXGroup;
			children = (
				27D24BF025B0DED6008E6E44 /* Assets.xcassets */,
				2714E1AC25B232E60038EF9B /* Music */,
				2714E1AD25B232F50038EF9B /* Sounds */,
				27D24BEB25B0DED6008E6E44 /* GameViewController.swift */,
				2714E1AB25B232660038EF9B /* Tile Sets */,
				2714E1AA25B232490038EF9B /* Scenes */,
				2714E1A925B232060038EF9B /* Reference Nodes */,
				27FBD1AA25B4B076004E5551 /* Entities */,
				279AC94B25B2470C00BBD70F /* Components */,
				27AEEDE225B4CAB3007C809F /* States */,
				2714E1A825B231E30038EF9B /* Extensions */,
				27D24BE325B0DED5008E6E44 /* AppDelegate.swift */,
				27D24BF225B0DED6008E6E44 /* Info.plist */,
				27D24BED25B0DED6008E6E44 /* Main.storyboard */,
				27FE0F5525B0F5600071F483 /* Player.swift */,
			);
			path = valsrevenge;
			sourceTree = "<group>";
		};
		27FBD1AA25B4B076004E5551 /* Entities */ = {
			isa = PBXGroup;
			children = (
				27FBD1AB25B4B090004E5551 /* MonsterEntity.swift */,
				27FBD1BD25B4B9AC004E5551 /* GameObjects.swift */,
			);
			path = Entities;
			sourceTree = "<group>";
		};
/* End PBXGroup section */

/* Begin PBXNativeTarget section */
		27D24BDF25B0DED5008E6E44 /* valsrevenge */ = {
			isa = PBXNativeTarget;
			buildConfigurationList = 27D24BF525B0DED6008E6E44 /* Build configuration list for PBXNativeTarget "valsrevenge" */;
			buildPhases = (
				27D24BDC25B0DED5008E6E44 /* Sources */,
				27D24BDD25B0DED5008E6E44 /* Frameworks */,
				27D24BDE25B0DED5008E6E44 /* Resources */,
			);
			buildRules = (
			);
			dependencies = (
			);
			name = valsrevenge;
			productName = valsrevenge;
			productReference = 27D24BE025B0DED5008E6E44 /* valsrevenge.app */;
			productType = "com.apple.product-type.application";
		};
/* End PBXNativeTarget section */

/* Begin PBXProject section */
		27D24BD825B0DED5008E6E44 /* Project object */ = {
			isa = PBXProject;
			attributes = {
				LastSwiftUpdateCheck = 1230;
				LastUpgradeCheck = 1230;
				TargetAttributes = {
					27D24BDF25B0DED5008E6E44 = {
						CreatedOnToolsVersion = 12.3;
					};
				};
			};
			buildConfigurationList = 27D24BDB25B0DED5008E6E44 /* Build configuration list for PBXProject "valsrevenge" */;
			compatibilityVersion = "Xcode 9.3";
			developmentRegion = en;
			hasScannedForEncodings = 0;
			knownRegions = (
				en,
				Base,
			);
			mainGroup = 27D24BD725B0DED5008E6E44;
			productRefGroup = 27D24BE125B0DED5008E6E44 /* Products */;
			projectDirPath = "";
			projectRoot = "";
			targets = (
				27D24BDF25B0DED5008E6E44 /* valsrevenge */,
			);
		};
/* End PBXProject section */

/* Begin PBXResourcesBuildPhase section */
		27D24BDE25B0DED5008E6E44 /* Resources */ = {
			isa = PBXResourcesBuildPhase;
			buildActionMask = 2147483647;
			files = (
				2714E1C425B2354E0038EF9B /* food.mp3 in Resources */,
				2714E1C125B2354E0038EF9B /* door_open.mp3 in Resources */,
				27D24BEF25B0DED6008E6E44 /* Main.storyboard in Resources */,
				2714E1BD25B2354E0038EF9B /* monster_hit.mp3 in Resources */,
				2714E1A325B1F5350038EF9B /* MainTileSet.sks in Resources */,
				2714E1CB25B2357D0038EF9B /* HealthMeter.sks in Resources */,
				2714E1C625B2354E0038EF9B /* treasure.mp3 in Resources */,
				2714E1C025B2354E0038EF9B /* throw.mp3 in Resources */,
				2714E19625B1DF8B0038EF9B /* Controller.sks in Resources */,
				27D24BE625B0DED6008E6E44 /* GameScene.sks in Resources */,
				2714E1C325B2354E0038EF9B /* key.mp3 in Resources */,
				2714E1C825B2354E0038EF9B /* monster_die.mp3 in Resources */,
				2714E1C525B2354E0038EF9B /* player_die.mp3 in Resources */,
				2714E19925B1E08E0038EF9B /* AttackButton.sks in Resources */,
				2714E1BE25B2354E0038EF9B /* player_hit.mp3 in Resources */,
				2714E1AF25B233F20038EF9B /* music.mp3 in Resources */,
				2714E1C725B2354E0038EF9B /* exit.mp3 in Resources */,
				2714E1C225B2354E0038EF9B /* destroyed.mp3 in Resources */,
				27D24BF125B0DED6008E6E44 /* Assets.xcassets in Resources */,
			);
			runOnlyForDeploymentPostprocessing = 0;
		};
/* End PBXResourcesBuildPhase section */

/* Begin PBXSourcesBuildPhase section */
		27D24BDC25B0DED5008E6E44 /* Sources */ = {
			isa = PBXSourcesBuildPhase;
			buildActionMask = 2147483647;
			files = (
				27FBD1BE25B4B9AC004E5551 /* GameObjects.swift in Sources */,
				2714E1A625B2091F0038EF9B /* SKTileMapNode+Physics.swift in Sources */,
				27FBD1B225B4B2AE004E5551 /* GeneratorComponent.swift in Sources */,
				27FE0F5625B0F5600071F483 /* Player.swift in Sources */,
				27A803E925B49B1D0057BB27 /* HealthComponent.swift in Sources */,
				27FBD1B525B4B320004E5551 /* GKComponent+Node.swift in Sources */,
				27D24BEA25B0DED6008E6E44 /* GameScene.swift in Sources */,
				27FBD1BB25B4B840004E5551 /* AnimationComponent.swift in Sources */,
				2714E1BF25B2354E0038EF9B /* SoundLibrary.swift in Sources */,
				27D24BEC25B0DED6008E6E44 /* GameViewController.swift in Sources */,
				27D24BE425B0DED5008E6E44 /* AppDelegate.swift in Sources */,
				27AEEDE425B4CBCB007C809F /* PlayerStates.swift in Sources */,
				27FBD1B825B4B759004E5551 /* SKTexture_LoadTextures.swift in Sources */,
				2714E19F25B1F1A00038EF9B /* GameScene+ViewUpdates.swift in Sources */,
				27FBD1AF25B4B113004E5551 /* RenderComponent.swift in Sources */,
				2714E19C25B1E5BA0038EF9B /* SKScene+viewProperties.swift in Sources */,
				27FBD1AC25B4B090004E5551 /* MonsterEntity.swift in Sources */,
			);
			runOnlyForDeploymentPostprocessing = 0;
		};
/* End PBXSourcesBuildPhase section */

/* Begin PBXVariantGroup section */
		27D24BED25B0DED6008E6E44 /* Main.storyboard */ = {
			isa = PBXVariantGroup;
			children = (
				27D24BEE25B0DED6008E6E44 /* Base */,
			);
			name = Main.storyboard;
			sourceTree = "<group>";
		};
/* End PBXVariantGroup section */

/* Begin XCBuildConfiguration section */
		27D24BF325B0DED6008E6E44 /* Debug */ = {
			isa = XCBuildConfiguration;
			buildSettings = {
				ALWAYS_SEARCH_USER_PATHS = NO;
				CLANG_ANALYZER_NONNULL = YES;
				CLANG_ANALYZER_NUMBER_OBJECT_CONVERSION = YES_AGGRESSIVE;
				CLANG_CXX_LANGUAGE_STANDARD = "gnu++14";
				CLANG_CXX_LIBRARY = "libc++";
				CLANG_ENABLE_MODULES = YES;
				CLANG_ENABLE_OBJC_ARC = YES;
				CLANG_ENABLE_OBJC_WEAK = YES;
				CLANG_WARN_BLOCK_CAPTURE_AUTORELEASING = YES;
				CLANG_WARN_BOOL_CONVERSION = YES;
				CLANG_WARN_COMMA = YES;
				CLANG_WARN_CONSTANT_CONVERSION = YES;
				CLANG_WARN_DEPRECATED_OBJC_IMPLEMENTATIONS = YES;
				CLANG_WARN_DIRECT_OBJC_ISA_USAGE = YES_ERROR;
				CLANG_WARN_DOCUMENTATION_COMMENTS = YES;
				CLANG_WARN_EMPTY_BODY = YES;
				CLANG_WARN_ENUM_CONVERSION = YES;
				CLANG_WARN_INFINITE_RECURSION = YES;
				CLANG_WARN_INT_CONVERSION = YES;
				CLANG_WARN_NON_LITERAL_NULL_CONVERSION = YES;
				CLANG_WARN_OBJC_IMPLICIT_RETAIN_SELF = YES;
				CLANG_WARN_OBJC_LITERAL_CONVERSION = YES;
				CLANG_WARN_OBJC_ROOT_CLASS = YES_ERROR;
				CLANG_WARN_QUOTED_INCLUDE_IN_FRAMEWORK_HEADER = YES;
				CLANG_WARN_RANGE_LOOP_ANALYSIS = YES;
				CLANG_WARN_STRICT_PROTOTYPES = YES;
				CLANG_WARN_SUSPICIOUS_MOVE = YES;
				CLANG_WARN_UNGUARDED_AVAILABILITY = YES_AGGRESSIVE;
				CLANG_WARN_UNREACHABLE_CODE = YES;
				CLANG_WARN__DUPLICATE_METHOD_MATCH = YES;
				COPY_PHASE_STRIP = NO;
				DEBUG_INFORMATION_FORMAT = dwarf;
				ENABLE_STRICT_OBJC_MSGSEND = YES;
				ENABLE_TESTABILITY = YES;
				GCC_C_LANGUAGE_STANDARD = gnu11;
				GCC_DYNAMIC_NO_PIC = NO;
				GCC_NO_COMMON_BLOCKS = YES;
				GCC_OPTIMIZATION_LEVEL = 0;
				GCC_PREPROCESSOR_DEFINITIONS = (
					"DEBUG=1",
					"$(inherited)",
				);
				GCC_WARN_64_TO_32_BIT_CONVERSION = YES;
				GCC_WARN_ABOUT_RETURN_TYPE = YES_ERROR;
				GCC_WARN_UNDECLARED_SELECTOR = YES;
				GCC_WARN_UNINITIALIZED_AUTOS = YES_AGGRESSIVE;
				GCC_WARN_UNUSED_FUNCTION = YES;
				GCC_WARN_UNUSED_VARIABLE = YES;
				IPHONEOS_DEPLOYMENT_TARGET = 14.3;
				MTL_ENABLE_DEBUG_INFO = INCLUDE_SOURCE;
				MTL_FAST_MATH = YES;
				ONLY_ACTIVE_ARCH = YES;
				SDKROOT = iphoneos;
				SWIFT_ACTIVE_COMPILATION_CONDITIONS = DEBUG;
				SWIFT_OPTIMIZATION_LEVEL = "-Onone";
			};
			name = Debug;
		};
		27D24BF425B0DED6008E6E44 /* Release */ = {
			isa = XCBuildConfiguration;
			buildSettings = {
				ALWAYS_SEARCH_USER_PATHS = NO;
				CLANG_ANALYZER_NONNULL = YES;
				CLANG_ANALYZER_NUMBER_OBJECT_CONVERSION = YES_AGGRESSIVE;
				CLANG_CXX_LANGUAGE_STANDARD = "gnu++14";
				CLANG_CXX_LIBRARY = "libc++";
				CLANG_ENABLE_MODULES = YES;
				CLANG_ENABLE_OBJC_ARC = YES;
				CLANG_ENABLE_OBJC_WEAK = YES;
				CLANG_WARN_BLOCK_CAPTURE_AUTORELEASING = YES;
				CLANG_WARN_BOOL_CONVERSION = YES;
				CLANG_WARN_COMMA = YES;
				CLANG_WARN_CONSTANT_CONVERSION = YES;
				CLANG_WARN_DEPRECATED_OBJC_IMPLEMENTATIONS = YES;
				CLANG_WARN_DIRECT_OBJC_ISA_USAGE = YES_ERROR;
				CLANG_WARN_DOCUMENTATION_COMMENTS = YES;
				CLANG_WARN_EMPTY_BODY = YES;
				CLANG_WARN_ENUM_CONVERSION = YES;
				CLANG_WARN_INFINITE_RECURSION = YES;
				CLANG_WARN_INT_CONVERSION = YES;
				CLANG_WARN_NON_LITERAL_NULL_CONVERSION = YES;
				CLANG_WARN_OBJC_IMPLICIT_RETAIN_SELF = YES;
				CLANG_WARN_OBJC_LITERAL_CONVERSION = YES;
				CLANG_WARN_OBJC_ROOT_CLASS = YES_ERROR;
				CLANG_WARN_QUOTED_INCLUDE_IN_FRAMEWORK_HEADER = YES;
				CLANG_WARN_RANGE_LOOP_ANALYSIS = YES;
				CLANG_WARN_STRICT_PROTOTYPES = YES;
				CLANG_WARN_SUSPICIOUS_MOVE = YES;
				CLANG_WARN_UNGUARDED_AVAILABILITY = YES_AGGRESSIVE;
				CLANG_WARN_UNREACHABLE_CODE = YES;
				CLANG_WARN__DUPLICATE_METHOD_MATCH = YES;
				COPY_PHASE_STRIP = NO;
				DEBUG_INFORMATION_FORMAT = "dwarf-with-dsym";
				ENABLE_NS_ASSERTIONS = NO;
				ENABLE_STRICT_OBJC_MSGSEND = YES;
				GCC_C_LANGUAGE_STANDARD = gnu11;
				GCC_NO_COMMON_BLOCKS = YES;
				GCC_WARN_64_TO_32_BIT_CONVERSION = YES;
				GCC_WARN_ABOUT_RETURN_TYPE = YES_ERROR;
				GCC_WARN_UNDECLARED_SELECTOR = YES;
				GCC_WARN_UNINITIALIZED_AUTOS = YES_AGGRESSIVE;
				GCC_WARN_UNUSED_FUNCTION = YES;
				GCC_WARN_UNUSED_VARIABLE = YES;
				IPHONEOS_DEPLOYMENT_TARGET = 14.3;
				MTL_ENABLE_DEBUG_INFO = NO;
				MTL_FAST_MATH = YES;
				SDKROOT = iphoneos;
				SWIFT_COMPILATION_MODE = wholemodule;
				SWIFT_OPTIMIZATION_LEVEL = "-O";
				VALIDATE_PRODUCT = YES;
			};
			name = Release;
		};
		27D24BF625B0DED6008E6E44 /* Debug */ = {
			isa = XCBuildConfiguration;
			buildSettings = {
				ASSETCATALOG_COMPILER_APPICON_NAME = AppIcon;
				ASSETCATALOG_COMPILER_GLOBAL_ACCENT_COLOR_NAME = AccentColor;
				CODE_SIGN_STYLE = Automatic;
				DEVELOPMENT_TEAM = V4JGHQ2JFJ;
				INFOPLIST_FILE = valsrevenge/Info.plist;
				LD_RUNPATH_SEARCH_PATHS = (
					"$(inherited)",
					"@executable_path/Frameworks",
				);
				PRODUCT_BUNDLE_IDENTIFIER = com.mikecargal.valsrevenge;
				PRODUCT_NAME = "$(TARGET_NAME)";
				SWIFT_VERSION = 5.0;
				TARGETED_DEVICE_FAMILY = "1,2";
			};
			name = Debug;
		};
		27D24BF725B0DED6008E6E44 /* Release */ = {
			isa = XCBuildConfiguration;
			buildSettings = {
				ASSETCATALOG_COMPILER_APPICON_NAME = AppIcon;
				ASSETCATALOG_COMPILER_GLOBAL_ACCENT_COLOR_NAME = AccentColor;
				CODE_SIGN_STYLE = Automatic;
				DEVELOPMENT_TEAM = V4JGHQ2JFJ;
				INFOPLIST_FILE = valsrevenge/Info.plist;
				LD_RUNPATH_SEARCH_PATHS = (
					"$(inherited)",
					"@executable_path/Frameworks",
				);
				PRODUCT_BUNDLE_IDENTIFIER = com.mikecargal.valsrevenge;
				PRODUCT_NAME = "$(TARGET_NAME)";
				SWIFT_VERSION = 5.0;
				TARGETED_DEVICE_FAMILY = "1,2";
			};
			name = Release;
		};
/* End XCBuildConfiguration section */

/* Begin XCConfigurationList section */
		27D24BDB25B0DED5008E6E44 /* Build configuration list for PBXProject "valsrevenge" */ = {
			isa = XCConfigurationList;
			buildConfigurations = (
				27D24BF325B0DED6008E6E44 /* Debug */,
				27D24BF425B0DED6008E6E44 /* Release */,
			);
			defaultConfigurationIsVisible = 0;
			defaultConfigurationName = Release;
		};
		27D24BF525B0DED6008E6E44 /* Build configuration list for PBXNativeTarget "valsrevenge" */ = {
			isa = XCConfigurationList;
			buildConfigurations = (
				27D24BF625B0DED6008E6E44 /* Debug */,
				27D24BF725B0DED6008E6E44 /* Release */,
			);
			defaultConfigurationIsVisible = 0;
			defaultConfigurationName = Release;
		};
/* End XCConfigurationList section */
	};
	rootObject = 27D24BD825B0DED5008E6E44 /* Project object */;
}
